
Microsoft Visual Studio Solution File, Format Version 12.00
# Visual Studio Version 16
VisualStudioVersion = 16.0.30011.22
MinimumVisualStudioVersion = 10.0.40219.1
Project("{9A19103F-16F7-4668-BE54-9A1E7A4F7556}") = "01-Count-Same-Values", "01-Count-Same-Values\01-Count-Same-Values.csproj", "{3398BB76-5C52-4149-8C8E-F2AA3DBAC8DB}"
EndProject
Project("{9A19103F-16F7-4668-BE54-9A1E7A4F7556}") = "02-Average-Student-Grades", "02-Average-Student-Grades\02-Average-Student-Grades.csproj", "{8751913F-7DC1-402B-B03D-9303D3A36795}"
EndProject
Project("{9A19103F-16F7-4668-BE54-9A1E7A4F7556}") = "03-Product-Shop", "03-Product-Shop\03-Product-Shop.csproj", "{75AE69C6-76AD-4FEC-8B0D-76BDDE988741}"
EndProject
Project("{FAE04EC0-301F-11D3-BF4B-00C04F79EFBC}") = "05-Record-Unique-Names", "05-Record-Unique-Names\05-Record-Unique-Names.csproj", "{E4C11072-0A69-427D-BCCB-C326408AB02E}"
EndProject
Project("{FAE04EC0-301F-11D3-BF4B-00C04F79EFBC}") = "04-Cities-by-Contitents-and-Country", "04-Cities-by-Contitents-and-Country\04-Cities-by-Contitents-and-Country.csproj", "{65AAB867-55BD-4FF9-AF5C-DE93E48C3821}"
EndProject
Project("{FAE04EC0-301F-11D3-BF4B-00C04F79EFBC}") = "06-Parking-Lot", "06-Parking-Lot\06-Parking-Lot.csproj", "{82EEF71C-32F7-487B-A7C4-23F0229631CC}"
EndProject
Project("{FAE04EC0-301F-11D3-BF4B-00C04F79EFBC}") = "07-SoftUni-Party", "07-SoftUni-Party\07-SoftUni-Party.csproj", "{247A9F49-A7A6-4188-8718-44852B17FD1D}"
EndProject
Global
	GlobalSection(SolutionConfigurationPlatforms) = preSolution
		Debug|Any CPU = Debug|Any CPU
		Release|Any CPU = Release|Any CPU
	EndGlobalSection
	GlobalSection(ProjectConfigurationPlatforms) = postSolution
		{3398BB76-5C52-4149-8C8E-F2AA3DBAC8DB}.Debug|Any CPU.ActiveCfg = Debug|Any CPU
		{3398BB76-5C52-4149-8C8E-F2AA3DBAC8DB}.Debug|Any CPU.Build.0 = Debug|Any CPU
		{3398BB76-5C52-4149-8C8E-F2AA3DBAC8DB}.Release|Any CPU.ActiveCfg = Release|Any CPU
		{3398BB76-5C52-4149-8C8E-F2AA3DBAC8DB}.Release|Any CPU.Build.0 = Release|Any CPU
		{8751913F-7DC1-402B-B03D-9303D3A36795}.Debug|Any CPU.ActiveCfg = Debug|Any CPU
		{8751913F-7DC1-402B-B03D-9303D3A36795}.Debug|Any CPU.Build.0 = Debug|Any CPU
		{8751913F-7DC1-402B-B03D-9303D3A36795}.Release|Any CPU.ActiveCfg = Release|Any CPU
		{8751913F-7DC1-402B-B03D-9303D3A36795}.Release|Any CPU.Build.0 = Release|Any CPU
		{75AE69C6-76AD-4FEC-8B0D-76BDDE988741}.Debug|Any CPU.ActiveCfg = Debug|Any CPU
		{75AE69C6-76AD-4FEC-8B0D-76BDDE988741}.Debug|Any CPU.Build.0 = Debug|Any CPU
		{75AE69C6-76AD-4FEC-8B0D-76BDDE988741}.Release|Any CPU.ActiveCfg = Release|Any CPU
		{75AE69C6-76AD-4FEC-8B0D-76BDDE988741}.Release|Any CPU.Build.0 = Release|Any CPU
		{E4C11072-0A69-427D-BCCB-C326408AB02E}.Debug|Any CPU.ActiveCfg = Debug|Any CPU
		{E4C11072-0A69-427D-BCCB-C326408AB02E}.Debug|Any CPU.Build.0 = Debug|Any CPU
		{E4C11072-0A69-427D-BCCB-C326408AB02E}.Release|Any CPU.ActiveCfg = Release|Any CPU
		{E4C11072-0A69-427D-BCCB-C326408AB02E}.Release|Any CPU.Build.0 = Release|Any CPU
		{65AAB867-55BD-4FF9-AF5C-DE93E48C3821}.Debug|Any CPU.ActiveCfg = Debug|Any CPU
		{65AAB867-55BD-4FF9-AF5C-DE93E48C3821}.Debug|Any CPU.Build.0 = Debug|Any CPU
		{65AAB867-55BD-4FF9-AF5C-DE93E48C3821}.Release|Any CPU.ActiveCfg = Release|Any CPU
		{65AAB867-55BD-4FF9-AF5C-DE93E48C3821}.Release|Any CPU.Build.0 = Release|Any CPU
		{82EEF71C-32F7-487B-A7C4-23F0229631CC}.Debug|Any CPU.ActiveCfg = Debug|Any CPU
		{82EEF71C-32F7-487B-A7C4-23F0229631CC}.Debug|Any CPU.Build.0 = Debug|Any CPU
		{82EEF71C-32F7-487B-A7C4-23F0229631CC}.Release|Any CPU.ActiveCfg = Release|Any CPU
		{82EEF71C-32F7-487B-A7C4-23F0229631CC}.Release|Any CPU.Build.0 = Release|Any CPU
		{247A9F49-A7A6-4188-8718-44852B17FD1D}.Debug|Any CPU.ActiveCfg = Debug|Any CPU
		{247A9F49-A7A6-4188-8718-44852B17FD1D}.Debug|Any CPU.Build.0 = Debug|Any CPU
		{247A9F49-A7A6-4188-8718-44852B17FD1D}.Release|Any CPU.ActiveCfg = Release|Any CPU
		{247A9F49-A7A6-4188-8718-44852B17FD1D}.Release|Any CPU.Build.0 = Release|Any CPU
	EndGlobalSection
	GlobalSection(SolutionProperties) = preSolution
		HideSolutionNode = FALSE
	EndGlobalSection
	GlobalSection(ExtensibilityGlobals) = postSolution
		SolutionGuid = {5D279034-7E2D-426D-A64D-1DD72164A6BC}
	EndGlobalSection
EndGlobal
