
Microsoft Visual Studio Solution File, Format Version 12.00
# Visual Studio Version 16
VisualStudioVersion = 16.0.30011.22
MinimumVisualStudioVersion = 10.0.40219.1
Project("{9A19103F-16F7-4668-BE54-9A1E7A4F7556}") = "01-Diagonal-Difference", "01-Diagonal-Difference\01-Diagonal-Difference.csproj", "{51734E76-B0B0-47DE-A935-DA4954D6B313}"
EndProject
Project("{9A19103F-16F7-4668-BE54-9A1E7A4F7556}") = "10-Radioactive-Mutant-Vampire-Bunnies", "10-Radioactive-Mutant-Vampire-Bunnies\10-Radioactive-Mutant-Vampire-Bunnies.csproj", "{8105B66A-9A5B-4E5E-9741-19788BD0260F}"
EndProject
Project("{FAE04EC0-301F-11D3-BF4B-00C04F79EFBC}") = "07-KnightGame", "07-KnightGame\07-KnightGame.csproj", "{CDEB8581-BD62-4797-9437-5CCEC998ED05}"
EndProject
Project("{FAE04EC0-301F-11D3-BF4B-00C04F79EFBC}") = "09-Miner", "09-Miner\09-Miner.csproj", "{3238AAB5-DCE5-4FD1-90AD-3EE2FF5D3A08}"
EndProject
Project("{FAE04EC0-301F-11D3-BF4B-00C04F79EFBC}") = "02-SquareMatrix", "02-SquareMatrix\02-SquareMatrix.csproj", "{E384D7B6-9211-402A-A11D-FD69CAE3092E}"
EndProject
Project("{FAE04EC0-301F-11D3-BF4B-00C04F79EFBC}") = "03-MaximalSum", "03-MaximalSum\03-MaximalSum.csproj", "{412BA2C0-EF08-4B52-AC38-F3599D8483D8}"
EndProject
Project("{FAE04EC0-301F-11D3-BF4B-00C04F79EFBC}") = "04-MatrixSuffling", "04-MatrixSuffling\04-MatrixSuffling.csproj", "{AC98F9A2-FB59-41A2-842D-EFAD8323A3C0}"
EndProject
Project("{FAE04EC0-301F-11D3-BF4B-00C04F79EFBC}") = "05-SnakeMoves", "05-SnakeMoves\05-SnakeMoves.csproj", "{CE1A6450-75F0-45F5-BA34-4CC0AE13903B}"
EndProject
Global
	GlobalSection(SolutionConfigurationPlatforms) = preSolution
		Debug|Any CPU = Debug|Any CPU
		Release|Any CPU = Release|Any CPU
	EndGlobalSection
	GlobalSection(ProjectConfigurationPlatforms) = postSolution
		{51734E76-B0B0-47DE-A935-DA4954D6B313}.Debug|Any CPU.ActiveCfg = Debug|Any CPU
		{51734E76-B0B0-47DE-A935-DA4954D6B313}.Debug|Any CPU.Build.0 = Debug|Any CPU
		{51734E76-B0B0-47DE-A935-DA4954D6B313}.Release|Any CPU.ActiveCfg = Release|Any CPU
		{51734E76-B0B0-47DE-A935-DA4954D6B313}.Release|Any CPU.Build.0 = Release|Any CPU
		{8105B66A-9A5B-4E5E-9741-19788BD0260F}.Debug|Any CPU.ActiveCfg = Debug|Any CPU
		{8105B66A-9A5B-4E5E-9741-19788BD0260F}.Debug|Any CPU.Build.0 = Debug|Any CPU
		{8105B66A-9A5B-4E5E-9741-19788BD0260F}.Release|Any CPU.ActiveCfg = Release|Any CPU
		{8105B66A-9A5B-4E5E-9741-19788BD0260F}.Release|Any CPU.Build.0 = Release|Any CPU
		{CDEB8581-BD62-4797-9437-5CCEC998ED05}.Debug|Any CPU.ActiveCfg = Debug|Any CPU
		{CDEB8581-BD62-4797-9437-5CCEC998ED05}.Debug|Any CPU.Build.0 = Debug|Any CPU
		{CDEB8581-BD62-4797-9437-5CCEC998ED05}.Release|Any CPU.ActiveCfg = Release|Any CPU
		{CDEB8581-BD62-4797-9437-5CCEC998ED05}.Release|Any CPU.Build.0 = Release|Any CPU
		{3238AAB5-DCE5-4FD1-90AD-3EE2FF5D3A08}.Debug|Any CPU.ActiveCfg = Debug|Any CPU
		{3238AAB5-DCE5-4FD1-90AD-3EE2FF5D3A08}.Debug|Any CPU.Build.0 = Debug|Any CPU
		{3238AAB5-DCE5-4FD1-90AD-3EE2FF5D3A08}.Release|Any CPU.ActiveCfg = Release|Any CPU
		{3238AAB5-DCE5-4FD1-90AD-3EE2FF5D3A08}.Release|Any CPU.Build.0 = Release|Any CPU
		{E384D7B6-9211-402A-A11D-FD69CAE3092E}.Debug|Any CPU.ActiveCfg = Debug|Any CPU
		{E384D7B6-9211-402A-A11D-FD69CAE3092E}.Debug|Any CPU.Build.0 = Debug|Any CPU
		{E384D7B6-9211-402A-A11D-FD69CAE3092E}.Release|Any CPU.ActiveCfg = Release|Any CPU
		{E384D7B6-9211-402A-A11D-FD69CAE3092E}.Release|Any CPU.Build.0 = Release|Any CPU
		{412BA2C0-EF08-4B52-AC38-F3599D8483D8}.Debug|Any CPU.ActiveCfg = Debug|Any CPU
		{412BA2C0-EF08-4B52-AC38-F3599D8483D8}.Debug|Any CPU.Build.0 = Debug|Any CPU
		{412BA2C0-EF08-4B52-AC38-F3599D8483D8}.Release|Any CPU.ActiveCfg = Release|Any CPU
		{412BA2C0-EF08-4B52-AC38-F3599D8483D8}.Release|Any CPU.Build.0 = Release|Any CPU
		{AC98F9A2-FB59-41A2-842D-EFAD8323A3C0}.Debug|Any CPU.ActiveCfg = Debug|Any CPU
		{AC98F9A2-FB59-41A2-842D-EFAD8323A3C0}.Debug|Any CPU.Build.0 = Debug|Any CPU
		{AC98F9A2-FB59-41A2-842D-EFAD8323A3C0}.Release|Any CPU.ActiveCfg = Release|Any CPU
		{AC98F9A2-FB59-41A2-842D-EFAD8323A3C0}.Release|Any CPU.Build.0 = Release|Any CPU
		{CE1A6450-75F0-45F5-BA34-4CC0AE13903B}.Debug|Any CPU.ActiveCfg = Debug|Any CPU
		{CE1A6450-75F0-45F5-BA34-4CC0AE13903B}.Debug|Any CPU.Build.0 = Debug|Any CPU
		{CE1A6450-75F0-45F5-BA34-4CC0AE13903B}.Release|Any CPU.ActiveCfg = Release|Any CPU
		{CE1A6450-75F0-45F5-BA34-4CC0AE13903B}.Release|Any CPU.Build.0 = Release|Any CPU
	EndGlobalSection
	GlobalSection(SolutionProperties) = preSolution
		HideSolutionNode = FALSE
	EndGlobalSection
	GlobalSection(ExtensibilityGlobals) = postSolution
		SolutionGuid = {0E653398-37CB-44F0-9C8A-3AC2FDE67C5D}
	EndGlobalSection
EndGlobal
