
Microsoft Visual Studio Solution File, Format Version 12.00
# Visual Studio Version 16
VisualStudioVersion = 16.0.30011.22
MinimumVisualStudioVersion = 10.0.40219.1
Project("{9A19103F-16F7-4668-BE54-9A1E7A4F7556}") = "01-Basic-Stack-Operation", "01-Basic-Stack-Operation\01-Basic-Stack-Operation.csproj", "{AA974201-0DA5-48BD-93A8-C70A2A3F65CC}"
EndProject
Project("{9A19103F-16F7-4668-BE54-9A1E7A4F7556}") = "02-Basic-Queue-Operation", "02-Basic-Queue-Operation\02-Basic-Queue-Operation.csproj", "{ADB9C433-8068-45E7-AE66-DA566F2EAFA0}"
EndProject
Project("{9A19103F-16F7-4668-BE54-9A1E7A4F7556}") = "03-Minimum-And-Maximum-Element", "03-Minimum-And-Maximum-Element\03-Minimum-And-Maximum-Element.csproj", "{A771BED0-8507-423C-826B-6E8B9E0FCCA3}"
EndProject
Project("{9A19103F-16F7-4668-BE54-9A1E7A4F7556}") = "04-Fast-Food", "04-Fast-Food\04-Fast-Food.csproj", "{A7FE1130-7B28-4CBE-BFAC-8CEAA029897D}"
EndProject
Project("{9A19103F-16F7-4668-BE54-9A1E7A4F7556}") = "05-Fashion-Boutique", "05-Fashion-Boutique\05-Fashion-Boutique.csproj", "{B73E8729-8640-4BC2-91FC-45523BE5B24D}"
EndProject
Project("{9A19103F-16F7-4668-BE54-9A1E7A4F7556}") = "06-Songs-Queue", "06-Songs-Queue\06-Songs-Queue.csproj", "{3ACFA51A-3C32-4A0F-832A-353322CB9F24}"
EndProject
Project("{FAE04EC0-301F-11D3-BF4B-00C04F79EFBC}") = "07-Truck-Tour", "07-Truck-Tour\07-Truck-Tour.csproj", "{AB1AAF5D-B402-4E00-B01C-4F3EA2FF1A10}"
EndProject
Global
	GlobalSection(SolutionConfigurationPlatforms) = preSolution
		Debug|Any CPU = Debug|Any CPU
		Release|Any CPU = Release|Any CPU
	EndGlobalSection
	GlobalSection(ProjectConfigurationPlatforms) = postSolution
		{AA974201-0DA5-48BD-93A8-C70A2A3F65CC}.Debug|Any CPU.ActiveCfg = Debug|Any CPU
		{AA974201-0DA5-48BD-93A8-C70A2A3F65CC}.Debug|Any CPU.Build.0 = Debug|Any CPU
		{AA974201-0DA5-48BD-93A8-C70A2A3F65CC}.Release|Any CPU.ActiveCfg = Release|Any CPU
		{AA974201-0DA5-48BD-93A8-C70A2A3F65CC}.Release|Any CPU.Build.0 = Release|Any CPU
		{ADB9C433-8068-45E7-AE66-DA566F2EAFA0}.Debug|Any CPU.ActiveCfg = Debug|Any CPU
		{ADB9C433-8068-45E7-AE66-DA566F2EAFA0}.Debug|Any CPU.Build.0 = Debug|Any CPU
		{ADB9C433-8068-45E7-AE66-DA566F2EAFA0}.Release|Any CPU.ActiveCfg = Release|Any CPU
		{ADB9C433-8068-45E7-AE66-DA566F2EAFA0}.Release|Any CPU.Build.0 = Release|Any CPU
		{A771BED0-8507-423C-826B-6E8B9E0FCCA3}.Debug|Any CPU.ActiveCfg = Debug|Any CPU
		{A771BED0-8507-423C-826B-6E8B9E0FCCA3}.Debug|Any CPU.Build.0 = Debug|Any CPU
		{A771BED0-8507-423C-826B-6E8B9E0FCCA3}.Release|Any CPU.ActiveCfg = Release|Any CPU
		{A771BED0-8507-423C-826B-6E8B9E0FCCA3}.Release|Any CPU.Build.0 = Release|Any CPU
		{A7FE1130-7B28-4CBE-BFAC-8CEAA029897D}.Debug|Any CPU.ActiveCfg = Debug|Any CPU
		{A7FE1130-7B28-4CBE-BFAC-8CEAA029897D}.Debug|Any CPU.Build.0 = Debug|Any CPU
		{A7FE1130-7B28-4CBE-BFAC-8CEAA029897D}.Release|Any CPU.ActiveCfg = Release|Any CPU
		{A7FE1130-7B28-4CBE-BFAC-8CEAA029897D}.Release|Any CPU.Build.0 = Release|Any CPU
		{B73E8729-8640-4BC2-91FC-45523BE5B24D}.Debug|Any CPU.ActiveCfg = Debug|Any CPU
		{B73E8729-8640-4BC2-91FC-45523BE5B24D}.Debug|Any CPU.Build.0 = Debug|Any CPU
		{B73E8729-8640-4BC2-91FC-45523BE5B24D}.Release|Any CPU.ActiveCfg = Release|Any CPU
		{B73E8729-8640-4BC2-91FC-45523BE5B24D}.Release|Any CPU.Build.0 = Release|Any CPU
		{3ACFA51A-3C32-4A0F-832A-353322CB9F24}.Debug|Any CPU.ActiveCfg = Debug|Any CPU
		{3ACFA51A-3C32-4A0F-832A-353322CB9F24}.Debug|Any CPU.Build.0 = Debug|Any CPU
		{3ACFA51A-3C32-4A0F-832A-353322CB9F24}.Release|Any CPU.ActiveCfg = Release|Any CPU
		{3ACFA51A-3C32-4A0F-832A-353322CB9F24}.Release|Any CPU.Build.0 = Release|Any CPU
		{AB1AAF5D-B402-4E00-B01C-4F3EA2FF1A10}.Debug|Any CPU.ActiveCfg = Debug|Any CPU
		{AB1AAF5D-B402-4E00-B01C-4F3EA2FF1A10}.Debug|Any CPU.Build.0 = Debug|Any CPU
		{AB1AAF5D-B402-4E00-B01C-4F3EA2FF1A10}.Release|Any CPU.ActiveCfg = Release|Any CPU
		{AB1AAF5D-B402-4E00-B01C-4F3EA2FF1A10}.Release|Any CPU.Build.0 = Release|Any CPU
	EndGlobalSection
	GlobalSection(SolutionProperties) = preSolution
		HideSolutionNode = FALSE
	EndGlobalSection
	GlobalSection(ExtensibilityGlobals) = postSolution
		SolutionGuid = {78A5492B-930A-458D-92E8-94ECD68B6A37}
	EndGlobalSection
EndGlobal
