
Microsoft Visual Studio Solution File, Format Version 12.00
# Visual Studio Version 16
VisualStudioVersion = 16.0.30011.22
MinimumVisualStudioVersion = 10.0.40219.1
Project("{9A19103F-16F7-4668-BE54-9A1E7A4F7556}") = "01-Event-Lines", "01-Event-Lines\01-Event-Lines.csproj", "{834C200F-3EC5-4BFF-BAD7-7163F608BA4A}"
EndProject
Project("{9A19103F-16F7-4668-BE54-9A1E7A4F7556}") = "02-Line-Numbers", "02-Line-Numbers\02-Line-Numbers.csproj", "{F967A159-2794-459A-AD74-F9B8D74A9CA4}"
EndProject
Project("{9A19103F-16F7-4668-BE54-9A1E7A4F7556}") = "03-Word-Count", "03-Word-Count\03-Word-Count.csproj", "{34A48FEF-DDC7-484C-9E31-1B62A7CEADB2}"
EndProject
Project("{9A19103F-16F7-4668-BE54-9A1E7A4F7556}") = "04-Copy-Binary-File", "04-Copy-Binary-File\04-Copy-Binary-File.csproj", "{799CECBA-0588-44BD-BE0F-25BF7AF73F54}"
EndProject
Project("{FAE04EC0-301F-11D3-BF4B-00C04F79EFBC}") = "05-Directory-Traversal", "05-Directory-Traversal\05-Directory-Traversal.csproj", "{7A1B92C7-A0D3-4B22-B8CD-350861EA96EA}"
EndProject
Project("{FAE04EC0-301F-11D3-BF4B-00C04F79EFBC}") = "06-Zip-And-Extract", "06-Zip-And-Extract\06-Zip-And-Extract.csproj", "{E2569156-187E-478E-9A59-080C13BE7593}"
EndProject
Global
	GlobalSection(SolutionConfigurationPlatforms) = preSolution
		Debug|Any CPU = Debug|Any CPU
		Release|Any CPU = Release|Any CPU
	EndGlobalSection
	GlobalSection(ProjectConfigurationPlatforms) = postSolution
		{834C200F-3EC5-4BFF-BAD7-7163F608BA4A}.Debug|Any CPU.ActiveCfg = Debug|Any CPU
		{834C200F-3EC5-4BFF-BAD7-7163F608BA4A}.Debug|Any CPU.Build.0 = Debug|Any CPU
		{834C200F-3EC5-4BFF-BAD7-7163F608BA4A}.Release|Any CPU.ActiveCfg = Release|Any CPU
		{834C200F-3EC5-4BFF-BAD7-7163F608BA4A}.Release|Any CPU.Build.0 = Release|Any CPU
		{F967A159-2794-459A-AD74-F9B8D74A9CA4}.Debug|Any CPU.ActiveCfg = Debug|Any CPU
		{F967A159-2794-459A-AD74-F9B8D74A9CA4}.Debug|Any CPU.Build.0 = Debug|Any CPU
		{F967A159-2794-459A-AD74-F9B8D74A9CA4}.Release|Any CPU.ActiveCfg = Release|Any CPU
		{F967A159-2794-459A-AD74-F9B8D74A9CA4}.Release|Any CPU.Build.0 = Release|Any CPU
		{34A48FEF-DDC7-484C-9E31-1B62A7CEADB2}.Debug|Any CPU.ActiveCfg = Debug|Any CPU
		{34A48FEF-DDC7-484C-9E31-1B62A7CEADB2}.Debug|Any CPU.Build.0 = Debug|Any CPU
		{34A48FEF-DDC7-484C-9E31-1B62A7CEADB2}.Release|Any CPU.ActiveCfg = Release|Any CPU
		{34A48FEF-DDC7-484C-9E31-1B62A7CEADB2}.Release|Any CPU.Build.0 = Release|Any CPU
		{799CECBA-0588-44BD-BE0F-25BF7AF73F54}.Debug|Any CPU.ActiveCfg = Debug|Any CPU
		{799CECBA-0588-44BD-BE0F-25BF7AF73F54}.Debug|Any CPU.Build.0 = Debug|Any CPU
		{799CECBA-0588-44BD-BE0F-25BF7AF73F54}.Release|Any CPU.ActiveCfg = Release|Any CPU
		{799CECBA-0588-44BD-BE0F-25BF7AF73F54}.Release|Any CPU.Build.0 = Release|Any CPU
		{7A1B92C7-A0D3-4B22-B8CD-350861EA96EA}.Debug|Any CPU.ActiveCfg = Debug|Any CPU
		{7A1B92C7-A0D3-4B22-B8CD-350861EA96EA}.Debug|Any CPU.Build.0 = Debug|Any CPU
		{7A1B92C7-A0D3-4B22-B8CD-350861EA96EA}.Release|Any CPU.ActiveCfg = Release|Any CPU
		{7A1B92C7-A0D3-4B22-B8CD-350861EA96EA}.Release|Any CPU.Build.0 = Release|Any CPU
		{E2569156-187E-478E-9A59-080C13BE7593}.Debug|Any CPU.ActiveCfg = Debug|Any CPU
		{E2569156-187E-478E-9A59-080C13BE7593}.Debug|Any CPU.Build.0 = Debug|Any CPU
		{E2569156-187E-478E-9A59-080C13BE7593}.Release|Any CPU.ActiveCfg = Release|Any CPU
		{E2569156-187E-478E-9A59-080C13BE7593}.Release|Any CPU.Build.0 = Release|Any CPU
	EndGlobalSection
	GlobalSection(SolutionProperties) = preSolution
		HideSolutionNode = FALSE
	EndGlobalSection
	GlobalSection(ExtensibilityGlobals) = postSolution
		SolutionGuid = {21DF3DBA-75FF-497B-A792-5D37851B14D0}
	EndGlobalSection
EndGlobal
