
Microsoft Visual Studio Solution File, Format Version 12.00
# Visual Studio Version 16
VisualStudioVersion = 16.0.30011.22
MinimumVisualStudioVersion = 10.0.40219.1
Project("{9A19103F-16F7-4668-BE54-9A1E7A4F7556}") = "01-SumMatrix-Elements", "01-SumMatrix-Elements\01-SumMatrix-Elements.csproj", "{50DAD22B-9EE9-41AC-9917-072D89158886}"
EndProject
Project("{9A19103F-16F7-4668-BE54-9A1E7A4F7556}") = "02-Sum-Matrix-Columns", "02-Sum-Matrix-Columns\02-Sum-Matrix-Columns.csproj", "{0B4F83BA-49FC-4B0E-87C9-587AA4D46852}"
EndProject
Project("{9A19103F-16F7-4668-BE54-9A1E7A4F7556}") = "06-Jagget-Array-Manipulation", "06-Jagget-Array-Manipulation\06-Jagget-Array-Manipulation.csproj", "{32E3AF60-4BEA-4910-8550-0579F26B5883}"
EndProject
Project("{9A19103F-16F7-4668-BE54-9A1E7A4F7556}") = "07-Pascal-Triangle", "07-Pascal-Triangle\07-Pascal-Triangle.csproj", "{5C46F314-3112-4603-90D0-9ACB2839B431}"
EndProject
Project("{FAE04EC0-301F-11D3-BF4B-00C04F79EFBC}") = "05-Square-With-Matrix-Sum", "05-Square-With-Matrix-Sum\05-Square-With-Matrix-Sum.csproj", "{B64BE855-0EE9-4693-91AF-904B32D38C23}"
EndProject
Global
	GlobalSection(SolutionConfigurationPlatforms) = preSolution
		Debug|Any CPU = Debug|Any CPU
		Release|Any CPU = Release|Any CPU
	EndGlobalSection
	GlobalSection(ProjectConfigurationPlatforms) = postSolution
		{50DAD22B-9EE9-41AC-9917-072D89158886}.Debug|Any CPU.ActiveCfg = Debug|Any CPU
		{50DAD22B-9EE9-41AC-9917-072D89158886}.Debug|Any CPU.Build.0 = Debug|Any CPU
		{50DAD22B-9EE9-41AC-9917-072D89158886}.Release|Any CPU.ActiveCfg = Release|Any CPU
		{50DAD22B-9EE9-41AC-9917-072D89158886}.Release|Any CPU.Build.0 = Release|Any CPU
		{0B4F83BA-49FC-4B0E-87C9-587AA4D46852}.Debug|Any CPU.ActiveCfg = Debug|Any CPU
		{0B4F83BA-49FC-4B0E-87C9-587AA4D46852}.Debug|Any CPU.Build.0 = Debug|Any CPU
		{0B4F83BA-49FC-4B0E-87C9-587AA4D46852}.Release|Any CPU.ActiveCfg = Release|Any CPU
		{0B4F83BA-49FC-4B0E-87C9-587AA4D46852}.Release|Any CPU.Build.0 = Release|Any CPU
		{32E3AF60-4BEA-4910-8550-0579F26B5883}.Debug|Any CPU.ActiveCfg = Debug|Any CPU
		{32E3AF60-4BEA-4910-8550-0579F26B5883}.Debug|Any CPU.Build.0 = Debug|Any CPU
		{32E3AF60-4BEA-4910-8550-0579F26B5883}.Release|Any CPU.ActiveCfg = Release|Any CPU
		{32E3AF60-4BEA-4910-8550-0579F26B5883}.Release|Any CPU.Build.0 = Release|Any CPU
		{5C46F314-3112-4603-90D0-9ACB2839B431}.Debug|Any CPU.ActiveCfg = Debug|Any CPU
		{5C46F314-3112-4603-90D0-9ACB2839B431}.Debug|Any CPU.Build.0 = Debug|Any CPU
		{5C46F314-3112-4603-90D0-9ACB2839B431}.Release|Any CPU.ActiveCfg = Release|Any CPU
		{5C46F314-3112-4603-90D0-9ACB2839B431}.Release|Any CPU.Build.0 = Release|Any CPU
		{B64BE855-0EE9-4693-91AF-904B32D38C23}.Debug|Any CPU.ActiveCfg = Debug|Any CPU
		{B64BE855-0EE9-4693-91AF-904B32D38C23}.Debug|Any CPU.Build.0 = Debug|Any CPU
		{B64BE855-0EE9-4693-91AF-904B32D38C23}.Release|Any CPU.ActiveCfg = Release|Any CPU
		{B64BE855-0EE9-4693-91AF-904B32D38C23}.Release|Any CPU.Build.0 = Release|Any CPU
	EndGlobalSection
	GlobalSection(SolutionProperties) = preSolution
		HideSolutionNode = FALSE
	EndGlobalSection
	GlobalSection(ExtensibilityGlobals) = postSolution
		SolutionGuid = {F236A42C-67A2-4266-A4BF-6856CA2C9E1D}
	EndGlobalSection
EndGlobal
