
Microsoft Visual Studio Solution File, Format Version 12.00
# Visual Studio Version 16
VisualStudioVersion = 16.0.30204.135
MinimumVisualStudioVersion = 10.0.40219.1
Project("{9A19103F-16F7-4668-BE54-9A1E7A4F7556}") = "12-TriFunction", "12-TriFunction\12-TriFunction.csproj", "{43B039C4-70C1-40F9-8DF2-3BBF7624680E}"
EndProject
Project("{9A19103F-16F7-4668-BE54-9A1E7A4F7556}") = "11-Party-Reservation-Filter-Module", "11-Party-Reservation-Filter-Module\11-Party-Reservation-Filter-Module.csproj", "{0FC46DBE-F9EF-46A3-B92B-C6976C9ECD02}"
EndProject
Project("{9A19103F-16F7-4668-BE54-9A1E7A4F7556}") = "10-Predicate-Party", "10-Predicate-Party\10-Predicate-Party.csproj", "{4D7D208D-A223-4BC9-A75A-141E4887AACF}"
EndProject
Project("{9A19103F-16F7-4668-BE54-9A1E7A4F7556}") = "09-List-Of-Predicates", "09-List-Of-Predicates\09-List-Of-Predicates.csproj", "{7AAB3320-6591-4254-BCD8-6C4889689A05}"
EndProject
Project("{9A19103F-16F7-4668-BE54-9A1E7A4F7556}") = "08-Custom-Comparator", "08-Custom-Comparator\08-Custom-Comparator.csproj", "{0A9972E2-94F6-4DF6-AB90-B417FE057FDD}"
EndProject
Project("{9A19103F-16F7-4668-BE54-9A1E7A4F7556}") = "07-Predicate-For-Names", "07-Predicate-For-Names\07-Predicate-For-Names.csproj", "{1CA79277-AD74-4D77-9F26-D93497F143D6}"
EndProject
Project("{FAE04EC0-301F-11D3-BF4B-00C04F79EFBC}") = "06-Reverse-And-Exclude", "06-Reverse-And-Exclude\06-Reverse-And-Exclude.csproj", "{220AC029-4F88-4655-B1CF-B8070459FD7C}"
EndProject
Global
	GlobalSection(SolutionConfigurationPlatforms) = preSolution
		Debug|Any CPU = Debug|Any CPU
		Release|Any CPU = Release|Any CPU
	EndGlobalSection
	GlobalSection(ProjectConfigurationPlatforms) = postSolution
		{43B039C4-70C1-40F9-8DF2-3BBF7624680E}.Debug|Any CPU.ActiveCfg = Debug|Any CPU
		{43B039C4-70C1-40F9-8DF2-3BBF7624680E}.Debug|Any CPU.Build.0 = Debug|Any CPU
		{43B039C4-70C1-40F9-8DF2-3BBF7624680E}.Release|Any CPU.ActiveCfg = Release|Any CPU
		{43B039C4-70C1-40F9-8DF2-3BBF7624680E}.Release|Any CPU.Build.0 = Release|Any CPU
		{0FC46DBE-F9EF-46A3-B92B-C6976C9ECD02}.Debug|Any CPU.ActiveCfg = Debug|Any CPU
		{0FC46DBE-F9EF-46A3-B92B-C6976C9ECD02}.Debug|Any CPU.Build.0 = Debug|Any CPU
		{0FC46DBE-F9EF-46A3-B92B-C6976C9ECD02}.Release|Any CPU.ActiveCfg = Release|Any CPU
		{0FC46DBE-F9EF-46A3-B92B-C6976C9ECD02}.Release|Any CPU.Build.0 = Release|Any CPU
		{4D7D208D-A223-4BC9-A75A-141E4887AACF}.Debug|Any CPU.ActiveCfg = Debug|Any CPU
		{4D7D208D-A223-4BC9-A75A-141E4887AACF}.Debug|Any CPU.Build.0 = Debug|Any CPU
		{4D7D208D-A223-4BC9-A75A-141E4887AACF}.Release|Any CPU.ActiveCfg = Release|Any CPU
		{4D7D208D-A223-4BC9-A75A-141E4887AACF}.Release|Any CPU.Build.0 = Release|Any CPU
		{7AAB3320-6591-4254-BCD8-6C4889689A05}.Debug|Any CPU.ActiveCfg = Debug|Any CPU
		{7AAB3320-6591-4254-BCD8-6C4889689A05}.Debug|Any CPU.Build.0 = Debug|Any CPU
		{7AAB3320-6591-4254-BCD8-6C4889689A05}.Release|Any CPU.ActiveCfg = Release|Any CPU
		{7AAB3320-6591-4254-BCD8-6C4889689A05}.Release|Any CPU.Build.0 = Release|Any CPU
		{0A9972E2-94F6-4DF6-AB90-B417FE057FDD}.Debug|Any CPU.ActiveCfg = Debug|Any CPU
		{0A9972E2-94F6-4DF6-AB90-B417FE057FDD}.Debug|Any CPU.Build.0 = Debug|Any CPU
		{0A9972E2-94F6-4DF6-AB90-B417FE057FDD}.Release|Any CPU.ActiveCfg = Release|Any CPU
		{0A9972E2-94F6-4DF6-AB90-B417FE057FDD}.Release|Any CPU.Build.0 = Release|Any CPU
		{1CA79277-AD74-4D77-9F26-D93497F143D6}.Debug|Any CPU.ActiveCfg = Debug|Any CPU
		{1CA79277-AD74-4D77-9F26-D93497F143D6}.Debug|Any CPU.Build.0 = Debug|Any CPU
		{1CA79277-AD74-4D77-9F26-D93497F143D6}.Release|Any CPU.ActiveCfg = Release|Any CPU
		{1CA79277-AD74-4D77-9F26-D93497F143D6}.Release|Any CPU.Build.0 = Release|Any CPU
		{220AC029-4F88-4655-B1CF-B8070459FD7C}.Debug|Any CPU.ActiveCfg = Debug|Any CPU
		{220AC029-4F88-4655-B1CF-B8070459FD7C}.Debug|Any CPU.Build.0 = Debug|Any CPU
		{220AC029-4F88-4655-B1CF-B8070459FD7C}.Release|Any CPU.ActiveCfg = Release|Any CPU
		{220AC029-4F88-4655-B1CF-B8070459FD7C}.Release|Any CPU.Build.0 = Release|Any CPU
	EndGlobalSection
	GlobalSection(SolutionProperties) = preSolution
		HideSolutionNode = FALSE
	EndGlobalSection
	GlobalSection(ExtensibilityGlobals) = postSolution
		SolutionGuid = {4CDAE59E-3700-4792-B5E6-3CB6483A2EC8}
	EndGlobalSection
EndGlobal
