
Microsoft Visual Studio Solution File, Format Version 12.00
# Visual Studio Version 16
VisualStudioVersion = 16.0.30225.117
MinimumVisualStudioVersion = 10.0.40219.1
Project("{FAE04EC0-301F-11D3-BF4B-00C04F79EFBC}") = "03-Shopping-Spree", "03-Shopping-Spree\03-Shopping-Spree.csproj", "{8AFA77EF-286F-4D84-BCFE-5878F135C2D4}"
EndProject
Global
	GlobalSection(SolutionConfigurationPlatforms) = preSolution
		Debug|Any CPU = Debug|Any CPU
		Release|Any CPU = Release|Any CPU
	EndGlobalSection
	GlobalSection(ProjectConfigurationPlatforms) = postSolution
		{8AFA77EF-286F-4D84-BCFE-5878F135C2D4}.Debug|Any CPU.ActiveCfg = Debug|Any CPU
		{8AFA77EF-286F-4D84-BCFE-5878F135C2D4}.Debug|Any CPU.Build.0 = Debug|Any CPU
		{8AFA77EF-286F-4D84-BCFE-5878F135C2D4}.Release|Any CPU.ActiveCfg = Release|Any CPU
		{8AFA77EF-286F-4D84-BCFE-5878F135C2D4}.Release|Any CPU.Build.0 = Release|Any CPU
	EndGlobalSection
	GlobalSection(SolutionProperties) = preSolution
		HideSolutionNode = FALSE
	EndGlobalSection
	GlobalSection(ExtensibilityGlobals) = postSolution
		SolutionGuid = {7A9450D6-3659-484F-AD35-82D27C871F63}
	EndGlobalSection
EndGlobal
