
Microsoft Visual Studio Solution File, Format Version 12.00
# Visual Studio Version 16
VisualStudioVersion = 16.0.30204.135
MinimumVisualStudioVersion = 10.0.40219.1
Project("{FAE04EC0-301F-11D3-BF4B-00C04F79EFBC}") = "01", "01\01.csproj", "{3C88741B-74C6-4B85-BEB6-81CA81B7CA15}"
EndProject
Project("{FAE04EC0-301F-11D3-BF4B-00C04F79EFBC}") = "02", "02\02.csproj", "{D9D06F45-A0E3-4B14-8168-C00DE5DBD2CE}"
EndProject
Global
	GlobalSection(SolutionConfigurationPlatforms) = preSolution
		Debug|Any CPU = Debug|Any CPU
		Release|Any CPU = Release|Any CPU
	EndGlobalSection
	GlobalSection(ProjectConfigurationPlatforms) = postSolution
		{3C88741B-74C6-4B85-BEB6-81CA81B7CA15}.Debug|Any CPU.ActiveCfg = Debug|Any CPU
		{3C88741B-74C6-4B85-BEB6-81CA81B7CA15}.Debug|Any CPU.Build.0 = Debug|Any CPU
		{3C88741B-74C6-4B85-BEB6-81CA81B7CA15}.Release|Any CPU.ActiveCfg = Release|Any CPU
		{3C88741B-74C6-4B85-BEB6-81CA81B7CA15}.Release|Any CPU.Build.0 = Release|Any CPU
		{D9D06F45-A0E3-4B14-8168-C00DE5DBD2CE}.Debug|Any CPU.ActiveCfg = Debug|Any CPU
		{D9D06F45-A0E3-4B14-8168-C00DE5DBD2CE}.Debug|Any CPU.Build.0 = Debug|Any CPU
		{D9D06F45-A0E3-4B14-8168-C00DE5DBD2CE}.Release|Any CPU.ActiveCfg = Release|Any CPU
		{D9D06F45-A0E3-4B14-8168-C00DE5DBD2CE}.Release|Any CPU.Build.0 = Release|Any CPU
	EndGlobalSection
	GlobalSection(SolutionProperties) = preSolution
		HideSolutionNode = FALSE
	EndGlobalSection
	GlobalSection(ExtensibilityGlobals) = postSolution
		SolutionGuid = {AF269955-B858-43DA-B6DC-72560869805D}
	EndGlobalSection
EndGlobal
