
Microsoft Visual Studio Solution File, Format Version 12.00
# Visual Studio Version 16
VisualStudioVersion = 16.0.30204.135
MinimumVisualStudioVersion = 10.0.40219.1
Project("{9A19103F-16F7-4668-BE54-9A1E7A4F7556}") = "01", "01\01.csproj", "{FF8BBD15-2FEB-4D6F-BC07-14F95C314B74}"
EndProject
Project("{FAE04EC0-301F-11D3-BF4B-00C04F79EFBC}") = "02", "02\02.csproj", "{B1AF31D0-7B6A-4659-8929-C0EF3A84B73C}"
EndProject
Global
	GlobalSection(SolutionConfigurationPlatforms) = preSolution
		Debug|Any CPU = Debug|Any CPU
		Release|Any CPU = Release|Any CPU
	EndGlobalSection
	GlobalSection(ProjectConfigurationPlatforms) = postSolution
		{FF8BBD15-2FEB-4D6F-BC07-14F95C314B74}.Debug|Any CPU.ActiveCfg = Debug|Any CPU
		{FF8BBD15-2FEB-4D6F-BC07-14F95C314B74}.Debug|Any CPU.Build.0 = Debug|Any CPU
		{FF8BBD15-2FEB-4D6F-BC07-14F95C314B74}.Release|Any CPU.ActiveCfg = Release|Any CPU
		{FF8BBD15-2FEB-4D6F-BC07-14F95C314B74}.Release|Any CPU.Build.0 = Release|Any CPU
		{B1AF31D0-7B6A-4659-8929-C0EF3A84B73C}.Debug|Any CPU.ActiveCfg = Debug|Any CPU
		{B1AF31D0-7B6A-4659-8929-C0EF3A84B73C}.Debug|Any CPU.Build.0 = Debug|Any CPU
		{B1AF31D0-7B6A-4659-8929-C0EF3A84B73C}.Release|Any CPU.ActiveCfg = Release|Any CPU
		{B1AF31D0-7B6A-4659-8929-C0EF3A84B73C}.Release|Any CPU.Build.0 = Release|Any CPU
	EndGlobalSection
	GlobalSection(SolutionProperties) = preSolution
		HideSolutionNode = FALSE
	EndGlobalSection
	GlobalSection(ExtensibilityGlobals) = postSolution
		SolutionGuid = {08D17681-BBDB-43C4-B8CA-3CB8203BCD39}
	EndGlobalSection
EndGlobal
