
Microsoft Visual Studio Solution File, Format Version 12.00
# Visual Studio Version 16
VisualStudioVersion = 16.0.30011.22
MinimumVisualStudioVersion = 10.0.40219.1
Project("{9A19103F-16F7-4668-BE54-9A1E7A4F7556}") = "01-Odd-Lines", "01-Odd-Lines\01-Odd-Lines.csproj", "{8B33A2B4-AB8F-44FF-B5EB-0EB7CA47BBBC}"
EndProject
Project("{9A19103F-16F7-4668-BE54-9A1E7A4F7556}") = "02-Line-Numbers", "02-Line-Numbers\02-Line-Numbers.csproj", "{E01CF1F6-9B79-4232-92D0-98D2867F825D}"
EndProject
Project("{9A19103F-16F7-4668-BE54-9A1E7A4F7556}") = "06-Folder-Size", "06-Folder-Size\06-Folder-Size.csproj", "{02C35F4A-A7C5-46EB-90C5-C616A9293A05}"
EndProject
Project("{9A19103F-16F7-4668-BE54-9A1E7A4F7556}") = "03-Word-Count", "03-Word-Count\03-Word-Count.csproj", "{4404F568-C1CB-4397-A8B0-506E30263744}"
EndProject
Project("{9A19103F-16F7-4668-BE54-9A1E7A4F7556}") = "05-File-Slice", "05-File-Slice\05-File-Slice.csproj", "{76C03B50-B4A1-462A-BE97-0499395DE1F0}"
EndProject
Project("{9A19103F-16F7-4668-BE54-9A1E7A4F7556}") = "04-Merge-Files", "04-Merge-Files\04-Merge-Files.csproj", "{1E13B297-5E3F-4568-B5C4-45D50B5F1808}"
EndProject
Project("{FAE04EC0-301F-11D3-BF4B-00C04F79EFBC}") = "00-TimeTest-LineNumbers", "00-TimeTest-LineNumbers\00-TimeTest-LineNumbers.csproj", "{9E185CB8-709A-4173-8FFF-70C74D006A0E}"
EndProject
Global
	GlobalSection(SolutionConfigurationPlatforms) = preSolution
		Debug|Any CPU = Debug|Any CPU
		Release|Any CPU = Release|Any CPU
	EndGlobalSection
	GlobalSection(ProjectConfigurationPlatforms) = postSolution
		{8B33A2B4-AB8F-44FF-B5EB-0EB7CA47BBBC}.Debug|Any CPU.ActiveCfg = Debug|Any CPU
		{8B33A2B4-AB8F-44FF-B5EB-0EB7CA47BBBC}.Debug|Any CPU.Build.0 = Debug|Any CPU
		{8B33A2B4-AB8F-44FF-B5EB-0EB7CA47BBBC}.Release|Any CPU.ActiveCfg = Release|Any CPU
		{8B33A2B4-AB8F-44FF-B5EB-0EB7CA47BBBC}.Release|Any CPU.Build.0 = Release|Any CPU
		{E01CF1F6-9B79-4232-92D0-98D2867F825D}.Debug|Any CPU.ActiveCfg = Debug|Any CPU
		{E01CF1F6-9B79-4232-92D0-98D2867F825D}.Debug|Any CPU.Build.0 = Debug|Any CPU
		{E01CF1F6-9B79-4232-92D0-98D2867F825D}.Release|Any CPU.ActiveCfg = Release|Any CPU
		{E01CF1F6-9B79-4232-92D0-98D2867F825D}.Release|Any CPU.Build.0 = Release|Any CPU
		{02C35F4A-A7C5-46EB-90C5-C616A9293A05}.Debug|Any CPU.ActiveCfg = Debug|Any CPU
		{02C35F4A-A7C5-46EB-90C5-C616A9293A05}.Debug|Any CPU.Build.0 = Debug|Any CPU
		{02C35F4A-A7C5-46EB-90C5-C616A9293A05}.Release|Any CPU.ActiveCfg = Release|Any CPU
		{02C35F4A-A7C5-46EB-90C5-C616A9293A05}.Release|Any CPU.Build.0 = Release|Any CPU
		{4404F568-C1CB-4397-A8B0-506E30263744}.Debug|Any CPU.ActiveCfg = Debug|Any CPU
		{4404F568-C1CB-4397-A8B0-506E30263744}.Debug|Any CPU.Build.0 = Debug|Any CPU
		{4404F568-C1CB-4397-A8B0-506E30263744}.Release|Any CPU.ActiveCfg = Release|Any CPU
		{4404F568-C1CB-4397-A8B0-506E30263744}.Release|Any CPU.Build.0 = Release|Any CPU
		{76C03B50-B4A1-462A-BE97-0499395DE1F0}.Debug|Any CPU.ActiveCfg = Debug|Any CPU
		{76C03B50-B4A1-462A-BE97-0499395DE1F0}.Debug|Any CPU.Build.0 = Debug|Any CPU
		{76C03B50-B4A1-462A-BE97-0499395DE1F0}.Release|Any CPU.ActiveCfg = Release|Any CPU
		{76C03B50-B4A1-462A-BE97-0499395DE1F0}.Release|Any CPU.Build.0 = Release|Any CPU
		{1E13B297-5E3F-4568-B5C4-45D50B5F1808}.Debug|Any CPU.ActiveCfg = Debug|Any CPU
		{1E13B297-5E3F-4568-B5C4-45D50B5F1808}.Debug|Any CPU.Build.0 = Debug|Any CPU
		{1E13B297-5E3F-4568-B5C4-45D50B5F1808}.Release|Any CPU.ActiveCfg = Release|Any CPU
		{1E13B297-5E3F-4568-B5C4-45D50B5F1808}.Release|Any CPU.Build.0 = Release|Any CPU
		{9E185CB8-709A-4173-8FFF-70C74D006A0E}.Debug|Any CPU.ActiveCfg = Debug|Any CPU
		{9E185CB8-709A-4173-8FFF-70C74D006A0E}.Debug|Any CPU.Build.0 = Debug|Any CPU
		{9E185CB8-709A-4173-8FFF-70C74D006A0E}.Release|Any CPU.ActiveCfg = Release|Any CPU
		{9E185CB8-709A-4173-8FFF-70C74D006A0E}.Release|Any CPU.Build.0 = Release|Any CPU
	EndGlobalSection
	GlobalSection(SolutionProperties) = preSolution
		HideSolutionNode = FALSE
	EndGlobalSection
	GlobalSection(ExtensibilityGlobals) = postSolution
		SolutionGuid = {1B3982B7-6A2D-4EEE-89AC-0A0991688BBE}
	EndGlobalSection
EndGlobal
